
Microsoft Visual Studio Solution File, Format Version 12.00
# Visual Studio Version 17
VisualStudioVersion = 17.8.34511.84
MinimumVisualStudioVersion = 10.0.40219.1
Project("{9A19103F-16F7-4668-BE54-9A1E7A4F7556}") = "DataNexApi", "DataNexApi.csproj", "{B3DB5F83-2D67-4BDC-ACDF-8F3D220A30A9}"
EndProject
Project("{9A19103F-16F7-4668-BE54-9A1E7A4F7556}") = "DataNex.Model", "..\DataNex.Model\DataNex.Model.csproj", "{6B0AACD5-723C-4E89-AEDF-B9341B0FC6D4}"
EndProject
Project("{9A19103F-16F7-4668-BE54-9A1E7A4F7556}") = "DataNex.Data", "..\DataNex.Data\DataNex.Data.csproj", "{01FA9C99-EEF8-4CB3-8F02-CFFBF589D14D}"
EndProject
Project("{2150E333-8FDC-42A3-9474-1A3956D46DE8}") = "Solution Items", "Solution Items", "{D9F307E5-B022-47F7-AEA2-41E6AE1B4E54}"
	ProjectSection(SolutionItems) = preProject
		.editorconfig = .editorconfig
	EndProjectSection
EndProject
Project("{9A19103F-16F7-4668-BE54-9A1E7A4F7556}") = "DataNexTests", "..\DataNexTests\DataNexTests.csproj", "{0E2771D4-05BB-40E8-893C-549ADE99BBC0}"
EndProject
Project("{9A19103F-16F7-4668-BE54-9A1E7A4F7556}") = "WoocommerceHandler", "..\WoocommerceHandler\WoocommerceHandler.csproj", "{84C14F55-DE6A-47AE-AD3F-3067EBC627D2}"
EndProject
Global
	GlobalSection(SolutionConfigurationPlatforms) = preSolution
		Debug|Any CPU = Debug|Any CPU
		Release|Any CPU = Release|Any CPU
	EndGlobalSection
	GlobalSection(ProjectConfigurationPlatforms) = postSolution
		{B3DB5F83-2D67-4BDC-ACDF-8F3D220A30A9}.Debug|Any CPU.ActiveCfg = Debug|Any CPU
		{B3DB5F83-2D67-4BDC-ACDF-8F3D220A30A9}.Debug|Any CPU.Build.0 = Debug|Any CPU
		{B3DB5F83-2D67-4BDC-ACDF-8F3D220A30A9}.Release|Any CPU.ActiveCfg = Release|Any CPU
		{B3DB5F83-2D67-4BDC-ACDF-8F3D220A30A9}.Release|Any CPU.Build.0 = Release|Any CPU
		{6B0AACD5-723C-4E89-AEDF-B9341B0FC6D4}.Debug|Any CPU.ActiveCfg = Debug|Any CPU
		{6B0AACD5-723C-4E89-AEDF-B9341B0FC6D4}.Debug|Any CPU.Build.0 = Debug|Any CPU
		{6B0AACD5-723C-4E89-AEDF-B9341B0FC6D4}.Release|Any CPU.ActiveCfg = Release|Any CPU
		{6B0AACD5-723C-4E89-AEDF-B9341B0FC6D4}.Release|Any CPU.Build.0 = Release|Any CPU
		{01FA9C99-EEF8-4CB3-8F02-CFFBF589D14D}.Debug|Any CPU.ActiveCfg = Debug|Any CPU
		{01FA9C99-EEF8-4CB3-8F02-CFFBF589D14D}.Debug|Any CPU.Build.0 = Debug|Any CPU
		{01FA9C99-EEF8-4CB3-8F02-CFFBF589D14D}.Release|Any CPU.ActiveCfg = Release|Any CPU
		{01FA9C99-EEF8-4CB3-8F02-CFFBF589D14D}.Release|Any CPU.Build.0 = Release|Any CPU
		{0E2771D4-05BB-40E8-893C-549ADE99BBC0}.Debug|Any CPU.ActiveCfg = Debug|Any CPU
		{0E2771D4-05BB-40E8-893C-549ADE99BBC0}.Debug|Any CPU.Build.0 = Debug|Any CPU
		{0E2771D4-05BB-40E8-893C-549ADE99BBC0}.Release|Any CPU.ActiveCfg = Release|Any CPU
		{0E2771D4-05BB-40E8-893C-549ADE99BBC0}.Release|Any CPU.Build.0 = Release|Any CPU
		{84C14F55-DE6A-47AE-AD3F-3067EBC627D2}.Debug|Any CPU.ActiveCfg = Debug|Any CPU
		{84C14F55-DE6A-47AE-AD3F-3067EBC627D2}.Debug|Any CPU.Build.0 = Debug|Any CPU
		{84C14F55-DE6A-47AE-AD3F-3067EBC627D2}.Release|Any CPU.ActiveCfg = Release|Any CPU
		{84C14F55-DE6A-47AE-AD3F-3067EBC627D2}.Release|Any CPU.Build.0 = Release|Any CPU
	EndGlobalSection
	GlobalSection(SolutionProperties) = preSolution
		HideSolutionNode = FALSE
	EndGlobalSection
	GlobalSection(ExtensibilityGlobals) = postSolution
		SolutionGuid = {C2DC9843-647F-4A44-8EC0-41F7AD49B0A9}
	EndGlobalSection
EndGlobal
